PODS:
  - Alamofire (3.5.1)
  - SCLAlertView (0.6.0)
  - SVProgressHUD (2.1.2)
  - SwiftyJSON (2.4.0)

DEPENDENCIES:
  - Alamofire (= 3.5.1)
  - SCLAlertView (= 0.6.0)
  - SVProgressHUD
  - SwiftyJSON (= 2.4.0)

SPEC CHECKSUMS:
  Alamofire: 0dfba1184a543e2aa160f4e39cac4e8aba48d223
  SCLAlertView: 0f6b3c23a48b4993564ff1dd3c065782e4b2b687
  SVProgressHUD: c404a55d78acbeb7ebb78b76d3faf986475a6994
  SwiftyJSON: 96918c1bf505efa50c4f72957018dd3452090c9c

PODFILE CHECKSUM: 918f07c20e1b28820579c1c4abbfbb5910b26693

COCOAPODS: 1.1.1
