PODS:
  - Alamofire (3.4.1)
  - SCLAlertView (0.5.9)
  - SVProgressHUD (2.0.3)
  - SwiftyJSON (2.3.2)

DEPENDENCIES:
  - Alamofire
  - SCLAlertView
  - SVProgressHUD
  - SwiftyJSON

SPEC CHECKSUMS:
  Alamofire: 01a82e2f6c0f860ade35534c8dd88be61bdef40c
  SCLAlertView: d7c6a48c7d340e60206d4ed0e8ebcbff3b9d2a44
  SVProgressHUD: b0830714205bea1317ea1a2ebc71e5633af334d4
  SwiftyJSON: 04ccea08915aa0109039157c7974cf0298da292a

COCOAPODS: 0.39.0
